
Microsoft Visual Studio Solution File, Format Version 12.00
# Visual Studio Version 17
VisualStudioVersion = 17.7.34202.233
MinimumVisualStudioVersion = 10.0.40219.1
Project("{FAE04EC0-301F-11D3-BF4B-00C04F79EFBC}") = "proyecto_codigoLimpio_se", "proyecto_codigoLimpio_se\proyecto_codigoLimpio_se.csproj", "{3BAC6621-C6F9-45F2-80AC-F0368242DD00}"
EndProject
Global
	GlobalSection(SolutionConfigurationPlatforms) = preSolution
		Debug|Any CPU = Debug|Any CPU
		Release|Any CPU = Release|Any CPU
	EndGlobalSection
	GlobalSection(ProjectConfigurationPlatforms) = postSolution
		{3BAC6621-C6F9-45F2-80AC-F0368242DD00}.Debug|Any CPU.ActiveCfg = Debug|Any CPU
		{3BAC6621-C6F9-45F2-80AC-F0368242DD00}.Debug|Any CPU.Build.0 = Debug|Any CPU
		{3BAC6621-C6F9-45F2-80AC-F0368242DD00}.Release|Any CPU.ActiveCfg = Release|Any CPU
		{3BAC6621-C6F9-45F2-80AC-F0368242DD00}.Release|Any CPU.Build.0 = Release|Any CPU
	EndGlobalSection
	GlobalSection(SolutionProperties) = preSolution
		HideSolutionNode = FALSE
	EndGlobalSection
	GlobalSection(ExtensibilityGlobals) = postSolution
		SolutionGuid = {E87E8C64-6464-4AD5-84EC-8FE115F4C3EB}
	EndGlobalSection
EndGlobal
